{
  "version": 4,
  "terraform_version": "1.15.1",
  "serial": 38,
  "lineage": "a7f6fe21-3655-3e56-7794-8f3a14e54563",
  "outputs": {
    "ssh_command": {
      "value": "ssh brian@20.236.54.123",
      "type": "string"
    },
    "ssh_user": {
      "value": "brian",
      "type": "string"
    },
    "vm_ip": {
      "value": "20.236.54.123",
      "type": "string"
    }
  },
  "resources": [
    {
      "mode": "data",
      "type": "azurerm_resource_group",
      "name": "rg",
      "provider": "provider[\"registry.terraform.io/hashicorp/azurerm\"]",
      "instances": [
        {
          "schema_version": 0,
          "attributes": {
            "id": "/subscriptions/719bc292-a0fa-42d6-8d59-a3bf38e89c4e/resourceGroups/Portafolio_Brian",
            "location": "westus",
            "name": "Portafolio_Brian",
            "tags": {},
            "timeouts": null
          },
          "sensitive_attributes": [],
          "identity_schema_version": 0
        }
      ]
    },
    {
      "mode": "managed",
      "type": "azurerm_linux_virtual_machine",
      "name": "main",
      "provider": "provider[\"registry.terraform.io/hashicorp/azurerm\"]",
      "instances": [
        {
          "schema_version": 0,
          "attributes": {
            "additional_capabilities": [],
            "admin_password": null,
            "admin_ssh_key": [
              {
                "public_key": "ssh-rsa AAAAB3NzaC1yc2EAAAADAQABAAACAQC2BDlVc3h0xTl5IGcRuFhi86HInCWsctezIwbaVP268TSxzzJQ1np71hQMvp3Pp7+dlLfl8D9j8VuoeP9SnxmtejY8A+ygVIOg+OSKWmTSv4SYQo7OnX8J3s/2/GhxkAwb8ln7Hd4ONTZIHm28I/ow6G6ZvivLOLnWY8Z6BJFiysolSxeWLhiBZI/S8N29ukbFqqQ/pi0QyNHPUWzXYI8I2XZnEOF7acZ/2P1ogXEZ04D2DsZo7ow72nh3+YTikYO717qtge9+jzp2fQssa5GIJZKG5UZwFJw+5obCu+Ruh76HuEcS+yJTd3eLNL32+Cqf3DRDNWsFp5Debj/LEozv4awYM89oCEObeKcH5rYuh8iTF0pSsW6YinXqb7u0BMMwXAWI8jVlu1H1ELy4qDephvybC/AgK+a0WUIWGR6KQuqLE5fSdiudLqvBG00aFUXOljBsB614BKhcTKS92nyOUJc7zIruDw0oIdCJJa3YM+iRy3pwmw/vzB2cpa1qzl33ZqsYvkrn9++9tTwc0FYY4RO+Clywe8qStBa9uHfVzt1/QFg3cz88QbRroLybl8admR8mkjqG2E0TokV/rj1JravZpQuKwWnokPqXSq0LdzsHJ92eAgV4tFbTEXqFOLsyAcwZA6c9G30jiR4zymRulxoJSEU2DO9XxU7ldioIVQ== brianadriandorantes@192.168.68.75",
                "username": "brian"
              }
            ],
            "admin_username": "brian",
            "allow_extension_operations": true,
            "availability_set_id": "",
            "boot_diagnostics": [],
            "computer_name": "portafolio-vm",
            "custom_data": null,
            "dedicated_host_group_id": "",
            "dedicated_host_id": "",
            "disable_password_authentication": true,
            "edge_zone": "",
            "encryption_at_host_enabled": false,
            "eviction_policy": "",
            "extensions_time_budget": "PT1H30M",
            "id": "/subscriptions/719bc292-a0fa-42d6-8d59-a3bf38e89c4e/resourceGroups/Portafolio_Brian/providers/Microsoft.Compute/virtualMachines/portafolio-vm",
            "identity": [],
            "license_type": "",
            "location": "westus2",
            "max_bid_price": -1,
            "name": "portafolio-vm",
            "network_interface_ids": [
              "/subscriptions/719bc292-a0fa-42d6-8d59-a3bf38e89c4e/resourceGroups/Portafolio_Brian/providers/Microsoft.Network/networkInterfaces/portafolio-nic"
            ],
            "os_disk": [
              {
                "caching": "ReadWrite",
                "diff_disk_settings": [],
                "disk_encryption_set_id": "",
                "disk_size_gb": 30,
                "name": "portafolio-vm_OsDisk_1_feb4c8881150445daed587b9ad3197d7",
                "storage_account_type": "Standard_LRS",
                "write_accelerator_enabled": false
              }
            ],
            "patch_mode": "ImageDefault",
            "plan": [],
            "platform_fault_domain": -1,
            "priority": "Regular",
            "private_ip_address": "10.0.1.4",
            "private_ip_addresses": [
              "10.0.1.4"
            ],
            "provision_vm_agent": true,
            "proximity_placement_group_id": "",
            "public_ip_address": "20.236.54.123",
            "public_ip_addresses": [
              "20.236.54.123"
            ],
            "resource_group_name": "Portafolio_Brian",
            "secret": [],
            "secure_boot_enabled": false,
            "size": "Standard_D2s_v3",
            "source_image_id": "",
            "source_image_reference": [
              {
                "offer": "0001-com-ubuntu-server-jammy",
                "publisher": "Canonical",
                "sku": "22_04-lts",
                "version": "latest"
              }
            ],
            "tags": {
              "Environment": "Production",
              "Project": "Portafolio"
            },
            "termination_notification": null,
            "timeouts": null,
            "user_data": "",
            "virtual_machine_id": "20774408-7283-4eeb-a8ab-b4c4aaac3c3a",
            "virtual_machine_scale_set_id": "",
            "vtpm_enabled": false,
            "zone": ""
          },
          "sensitive_attributes": [
            [
              {
                "type": "get_attr",
                "value": "admin_password"
              }
            ],
            [
              {
                "type": "get_attr",
                "value": "custom_data"
              }
            ]
          ],
          "identity_schema_version": 0,
          "private": "eyJlMmJmYjczMC1lY2FhLTExZTYtOGY4OC0zNDM2M2JjN2M0YzAiOnsiY3JlYXRlIjoyNzAwMDAwMDAwMDAwLCJkZWxldGUiOjI3MDAwMDAwMDAwMDAsInJlYWQiOjMwMDAwMDAwMDAwMCwidXBkYXRlIjoyNzAwMDAwMDAwMDAwfX0=",
          "dependencies": [
            "azurerm_network_interface.main",
            "azurerm_public_ip.main",
            "azurerm_subnet.main",
            "azurerm_virtual_network.main",
            "data.azurerm_resource_group.rg"
          ]
        }
      ]
    },
    {
      "mode": "managed",
      "type": "azurerm_network_interface",
      "name": "main",
      "provider": "provider[\"registry.terraform.io/hashicorp/azurerm\"]",
      "instances": [
        {
          "schema_version": 0,
          "attributes": {
            "applied_dns_servers": [],
            "dns_servers": [],
            "edge_zone": "",
            "enable_accelerated_networking": false,
            "enable_ip_forwarding": false,
            "id": "/subscriptions/719bc292-a0fa-42d6-8d59-a3bf38e89c4e/resourceGroups/Portafolio_Brian/providers/Microsoft.Network/networkInterfaces/portafolio-nic",
            "internal_dns_name_label": "",
            "internal_domain_name_suffix": "tifekd4mnqbe1jaeq1ptmyvoxd.xx.internal.cloudapp.net",
            "ip_configuration": [
              {
                "gateway_load_balancer_frontend_ip_configuration_id": "",
                "name": "internal",
                "primary": true,
                "private_ip_address": "10.0.1.4",
                "private_ip_address_allocation": "Dynamic",
                "private_ip_address_version": "IPv4",
                "public_ip_address_id": "/subscriptions/719bc292-a0fa-42d6-8d59-a3bf38e89c4e/resourceGroups/Portafolio_Brian/providers/Microsoft.Network/publicIPAddresses/portafolio-ip",
                "subnet_id": "/subscriptions/719bc292-a0fa-42d6-8d59-a3bf38e89c4e/resourceGroups/Portafolio_Brian/providers/Microsoft.Network/virtualNetworks/portafolio-vnet/subnets/portafolio-subnet"
              }
            ],
            "location": "westus2",
            "mac_address": "",
            "name": "portafolio-nic",
            "private_ip_address": "10.0.1.4",
            "private_ip_addresses": [
              "10.0.1.4"
            ],
            "resource_group_name": "Portafolio_Brian",
            "tags": {},
            "timeouts": null,
            "virtual_machine_id": ""
          },
          "sensitive_attributes": [],
          "identity_schema_version": 0,
          "private": "eyJlMmJmYjczMC1lY2FhLTExZTYtOGY4OC0zNDM2M2JjN2M0YzAiOnsiY3JlYXRlIjoxODAwMDAwMDAwMDAwLCJkZWxldGUiOjE4MDAwMDAwMDAwMDAsInJlYWQiOjMwMDAwMDAwMDAwMCwidXBkYXRlIjoxODAwMDAwMDAwMDAwfX0=",
          "dependencies": [
            "azurerm_public_ip.main",
            "azurerm_subnet.main",
            "azurerm_virtual_network.main",
            "data.azurerm_resource_group.rg"
          ]
        }
      ]
    },
    {
      "mode": "managed",
      "type": "azurerm_network_interface_security_group_association",
      "name": "main",
      "provider": "provider[\"registry.terraform.io/hashicorp/azurerm\"]",
      "instances": [
        {
          "schema_version": 0,
          "attributes": {
            "id": "/subscriptions/719bc292-a0fa-42d6-8d59-a3bf38e89c4e/resourceGroups/Portafolio_Brian/providers/Microsoft.Network/networkInterfaces/portafolio-nic|/subscriptions/719bc292-a0fa-42d6-8d59-a3bf38e89c4e/resourceGroups/Portafolio_Brian/providers/Microsoft.Network/networkSecurityGroups/portafolio-nsg",
            "network_interface_id": "/subscriptions/719bc292-a0fa-42d6-8d59-a3bf38e89c4e/resourceGroups/Portafolio_Brian/providers/Microsoft.Network/networkInterfaces/portafolio-nic",
            "network_security_group_id": "/subscriptions/719bc292-a0fa-42d6-8d59-a3bf38e89c4e/resourceGroups/Portafolio_Brian/providers/Microsoft.Network/networkSecurityGroups/portafolio-nsg",
            "timeouts": null
          },
          "sensitive_attributes": [],
          "identity_schema_version": 0,
          "private": "eyJlMmJmYjczMC1lY2FhLTExZTYtOGY4OC0zNDM2M2JjN2M0YzAiOnsiY3JlYXRlIjoxODAwMDAwMDAwMDAwLCJkZWxldGUiOjE4MDAwMDAwMDAwMDAsInJlYWQiOjMwMDAwMDAwMDAwMCwidXBkYXRlIjoxODAwMDAwMDAwMDAwfX0=",
          "dependencies": [
            "azurerm_network_interface.main",
            "azurerm_network_security_group.main",
            "azurerm_public_ip.main",
            "azurerm_subnet.main",
            "azurerm_virtual_network.main",
            "data.azurerm_resource_group.rg"
          ]
        }
      ]
    },
    {
      "mode": "managed",
      "type": "azurerm_network_security_group",
      "name": "main",
      "provider": "provider[\"registry.terraform.io/hashicorp/azurerm\"]",
      "instances": [
        {
          "schema_version": 0,
          "attributes": {
            "id": "/subscriptions/719bc292-a0fa-42d6-8d59-a3bf38e89c4e/resourceGroups/Portafolio_Brian/providers/Microsoft.Network/networkSecurityGroups/portafolio-nsg",
            "location": "westus2",
            "name": "portafolio-nsg",
            "resource_group_name": "Portafolio_Brian",
            "security_rule": [
              {
                "access": "Allow",
                "description": "",
                "destination_address_prefix": "*",
                "destination_address_prefixes": [],
                "destination_application_security_group_ids": [],
                "destination_port_range": "22",
                "destination_port_ranges": [],
                "direction": "Inbound",
                "name": "AllowSSH",
                "priority": 120,
                "protocol": "Tcp",
                "source_address_prefix": "*",
                "source_address_prefixes": [],
                "source_application_security_group_ids": [],
                "source_port_range": "*",
                "source_port_ranges": []
              },
              {
                "access": "Allow",
                "description": "",
                "destination_address_prefix": "*",
                "destination_address_prefixes": [],
                "destination_application_security_group_ids": [],
                "destination_port_range": "443",
                "destination_port_ranges": [],
                "direction": "Inbound",
                "name": "AllowHTTPS",
                "priority": 110,
                "protocol": "Tcp",
                "source_address_prefix": "*",
                "source_address_prefixes": [],
                "source_application_security_group_ids": [],
                "source_port_range": "*",
                "source_port_ranges": []
              },
              {
                "access": "Allow",
                "description": "",
                "destination_address_prefix": "*",
                "destination_address_prefixes": [],
                "destination_application_security_group_ids": [],
                "destination_port_range": "80",
                "destination_port_ranges": [],
                "direction": "Inbound",
                "name": "AllowHTTP",
                "priority": 100,
                "protocol": "Tcp",
                "source_address_prefix": "*",
                "source_address_prefixes": [],
                "source_application_security_group_ids": [],
                "source_port_range": "*",
                "source_port_ranges": []
              }
            ],
            "tags": {},
            "timeouts": null
          },
          "sensitive_attributes": [],
          "identity_schema_version": 0,
          "private": "eyJlMmJmYjczMC1lY2FhLTExZTYtOGY4OC0zNDM2M2JjN2M0YzAiOnsiY3JlYXRlIjoxODAwMDAwMDAwMDAwLCJkZWxldGUiOjE4MDAwMDAwMDAwMDAsInJlYWQiOjMwMDAwMDAwMDAwMCwidXBkYXRlIjoxODAwMDAwMDAwMDAwfX0=",
          "dependencies": [
            "data.azurerm_resource_group.rg"
          ]
        }
      ]
    },
    {
      "mode": "managed",
      "type": "azurerm_network_security_rule",
      "name": "http",
      "provider": "provider[\"registry.terraform.io/hashicorp/azurerm\"]",
      "instances": [
        {
          "schema_version": 0,
          "attributes": {
            "access": "Allow",
            "description": "",
            "destination_address_prefix": "*",
            "destination_address_prefixes": [],
            "destination_application_security_group_ids": [],
            "destination_port_range": "80",
            "destination_port_ranges": [],
            "direction": "Inbound",
            "id": "/subscriptions/719bc292-a0fa-42d6-8d59-a3bf38e89c4e/resourceGroups/Portafolio_Brian/providers/Microsoft.Network/networkSecurityGroups/portafolio-nsg/securityRules/AllowHTTP",
            "name": "AllowHTTP",
            "network_security_group_name": "portafolio-nsg",
            "priority": 100,
            "protocol": "Tcp",
            "resource_group_name": "Portafolio_Brian",
            "source_address_prefix": "*",
            "source_address_prefixes": [],
            "source_application_security_group_ids": [],
            "source_port_range": "*",
            "source_port_ranges": [],
            "timeouts": null
          },
          "sensitive_attributes": [],
          "identity_schema_version": 0,
          "private": "eyJlMmJmYjczMC1lY2FhLTExZTYtOGY4OC0zNDM2M2JjN2M0YzAiOnsiY3JlYXRlIjoxODAwMDAwMDAwMDAwLCJkZWxldGUiOjE4MDAwMDAwMDAwMDAsInJlYWQiOjMwMDAwMDAwMDAwMCwidXBkYXRlIjoxODAwMDAwMDAwMDAwfX0=",
          "dependencies": [
            "azurerm_network_security_group.main",
            "data.azurerm_resource_group.rg"
          ]
        }
      ]
    },
    {
      "mode": "managed",
      "type": "azurerm_network_security_rule",
      "name": "https",
      "provider": "provider[\"registry.terraform.io/hashicorp/azurerm\"]",
      "instances": [
        {
          "schema_version": 0,
          "attributes": {
            "access": "Allow",
            "description": "",
            "destination_address_prefix": "*",
            "destination_address_prefixes": [],
            "destination_application_security_group_ids": [],
            "destination_port_range": "443",
            "destination_port_ranges": [],
            "direction": "Inbound",
            "id": "/subscriptions/719bc292-a0fa-42d6-8d59-a3bf38e89c4e/resourceGroups/Portafolio_Brian/providers/Microsoft.Network/networkSecurityGroups/portafolio-nsg/securityRules/AllowHTTPS",
            "name": "AllowHTTPS",
            "network_security_group_name": "portafolio-nsg",
            "priority": 110,
            "protocol": "Tcp",
            "resource_group_name": "Portafolio_Brian",
            "source_address_prefix": "*",
            "source_address_prefixes": [],
            "source_application_security_group_ids": [],
            "source_port_range": "*",
            "source_port_ranges": [],
            "timeouts": null
          },
          "sensitive_attributes": [],
          "identity_schema_version": 0,
          "private": "eyJlMmJmYjczMC1lY2FhLTExZTYtOGY4OC0zNDM2M2JjN2M0YzAiOnsiY3JlYXRlIjoxODAwMDAwMDAwMDAwLCJkZWxldGUiOjE4MDAwMDAwMDAwMDAsInJlYWQiOjMwMDAwMDAwMDAwMCwidXBkYXRlIjoxODAwMDAwMDAwMDAwfX0=",
          "dependencies": [
            "azurerm_network_security_group.main",
            "data.azurerm_resource_group.rg"
          ]
        }
      ]
    },
    {
      "mode": "managed",
      "type": "azurerm_network_security_rule",
      "name": "ssh",
      "provider": "provider[\"registry.terraform.io/hashicorp/azurerm\"]",
      "instances": [
        {
          "schema_version": 0,
          "attributes": {
            "access": "Allow",
            "description": "",
            "destination_address_prefix": "*",
            "destination_address_prefixes": [],
            "destination_application_security_group_ids": [],
            "destination_port_range": "22",
            "destination_port_ranges": [],
            "direction": "Inbound",
            "id": "/subscriptions/719bc292-a0fa-42d6-8d59-a3bf38e89c4e/resourceGroups/Portafolio_Brian/providers/Microsoft.Network/networkSecurityGroups/portafolio-nsg/securityRules/AllowSSH",
            "name": "AllowSSH",
            "network_security_group_name": "portafolio-nsg",
            "priority": 120,
            "protocol": "Tcp",
            "resource_group_name": "Portafolio_Brian",
            "source_address_prefix": "*",
            "source_address_prefixes": [],
            "source_application_security_group_ids": [],
            "source_port_range": "*",
            "source_port_ranges": [],
            "timeouts": null
          },
          "sensitive_attributes": [],
          "identity_schema_version": 0,
          "private": "eyJlMmJmYjczMC1lY2FhLTExZTYtOGY4OC0zNDM2M2JjN2M0YzAiOnsiY3JlYXRlIjoxODAwMDAwMDAwMDAwLCJkZWxldGUiOjE4MDAwMDAwMDAwMDAsInJlYWQiOjMwMDAwMDAwMDAwMCwidXBkYXRlIjoxODAwMDAwMDAwMDAwfX0=",
          "dependencies": [
            "azurerm_network_security_group.main",
            "data.azurerm_resource_group.rg"
          ]
        }
      ]
    },
    {
      "mode": "managed",
      "type": "azurerm_public_ip",
      "name": "main",
      "provider": "provider[\"registry.terraform.io/hashicorp/azurerm\"]",
      "instances": [
        {
          "schema_version": 0,
          "attributes": {
            "allocation_method": "Static",
            "domain_name_label": null,
            "edge_zone": "",
            "fqdn": null,
            "id": "/subscriptions/719bc292-a0fa-42d6-8d59-a3bf38e89c4e/resourceGroups/Portafolio_Brian/providers/Microsoft.Network/publicIPAddresses/portafolio-ip",
            "idle_timeout_in_minutes": 4,
            "ip_address": "20.236.54.123",
            "ip_tags": {},
            "ip_version": "IPv4",
            "location": "westus2",
            "name": "portafolio-ip",
            "public_ip_prefix_id": null,
            "resource_group_name": "Portafolio_Brian",
            "reverse_fqdn": null,
            "sku": "Standard",
            "sku_tier": "Regional",
            "tags": {},
            "timeouts": null,
            "zones": []
          },
          "sensitive_attributes": [],
          "identity_schema_version": 0,
          "private": "eyJlMmJmYjczMC1lY2FhLTExZTYtOGY4OC0zNDM2M2JjN2M0YzAiOnsiY3JlYXRlIjoxODAwMDAwMDAwMDAwLCJkZWxldGUiOjE4MDAwMDAwMDAwMDAsInJlYWQiOjMwMDAwMDAwMDAwMCwidXBkYXRlIjoxODAwMDAwMDAwMDAwfX0=",
          "dependencies": [
            "data.azurerm_resource_group.rg"
          ]
        }
      ]
    },
    {
      "mode": "managed",
      "type": "azurerm_subnet",
      "name": "main",
      "provider": "provider[\"registry.terraform.io/hashicorp/azurerm\"]",
      "instances": [
        {
          "schema_version": 0,
          "attributes": {
            "address_prefixes": [
              "10.0.1.0/24"
            ],
            "delegation": [],
            "enforce_private_link_endpoint_network_policies": false,
            "enforce_private_link_service_network_policies": false,
            "id": "/subscriptions/719bc292-a0fa-42d6-8d59-a3bf38e89c4e/resourceGroups/Portafolio_Brian/providers/Microsoft.Network/virtualNetworks/portafolio-vnet/subnets/portafolio-subnet",
            "name": "portafolio-subnet",
            "resource_group_name": "Portafolio_Brian",
            "service_endpoint_policy_ids": [],
            "service_endpoints": [],
            "timeouts": null,
            "virtual_network_name": "portafolio-vnet"
          },
          "sensitive_attributes": [],
          "identity_schema_version": 0,
          "private": "eyJlMmJmYjczMC1lY2FhLTExZTYtOGY4OC0zNDM2M2JjN2M0YzAiOnsiY3JlYXRlIjoxODAwMDAwMDAwMDAwLCJkZWxldGUiOjE4MDAwMDAwMDAwMDAsInJlYWQiOjMwMDAwMDAwMDAwMCwidXBkYXRlIjoxODAwMDAwMDAwMDAwfX0=",
          "dependencies": [
            "azurerm_virtual_network.main",
            "data.azurerm_resource_group.rg"
          ]
        }
      ]
    },
    {
      "mode": "managed",
      "type": "azurerm_virtual_network",
      "name": "main",
      "provider": "provider[\"registry.terraform.io/hashicorp/azurerm\"]",
      "instances": [
        {
          "schema_version": 0,
          "attributes": {
            "address_space": [
              "10.0.0.0/16"
            ],
            "bgp_community": "",
            "ddos_protection_plan": [],
            "dns_servers": [],
            "edge_zone": "",
            "flow_timeout_in_minutes": 0,
            "guid": "0f450a9a-6ccc-4d02-a404-86df3662aebb",
            "id": "/subscriptions/719bc292-a0fa-42d6-8d59-a3bf38e89c4e/resourceGroups/Portafolio_Brian/providers/Microsoft.Network/virtualNetworks/portafolio-vnet",
            "location": "westus2",
            "name": "portafolio-vnet",
            "resource_group_name": "Portafolio_Brian",
            "subnet": [
              {
                "address_prefix": "10.0.1.0/24",
                "id": "/subscriptions/719bc292-a0fa-42d6-8d59-a3bf38e89c4e/resourceGroups/Portafolio_Brian/providers/Microsoft.Network/virtualNetworks/portafolio-vnet/subnets/portafolio-subnet",
                "name": "portafolio-subnet",
                "security_group": ""
              }
            ],
            "tags": {},
            "timeouts": null
          },
          "sensitive_attributes": [],
          "identity_schema_version": 0,
          "private": "eyJlMmJmYjczMC1lY2FhLTExZTYtOGY4OC0zNDM2M2JjN2M0YzAiOnsiY3JlYXRlIjoxODAwMDAwMDAwMDAwLCJkZWxldGUiOjE4MDAwMDAwMDAwMDAsInJlYWQiOjMwMDAwMDAwMDAwMCwidXBkYXRlIjoxODAwMDAwMDAwMDAwfX0=",
          "dependencies": [
            "data.azurerm_resource_group.rg"
          ]
        }
      ]
    }
  ],
  "check_results": null
}
